// !$*UTF8*$!
{
	archiveVersion = 1;
	classes = {
	};
	objectVersion = 51;
	objects = {

/* Begin PBXBuildFile section */
		CE2F287C245B857D0002F841 /* TextViewAutoHeight.swift in Sources */ = {isa = PBXBuildFile; fileRef = CE2F287B245B857D0002F841 /* TextViewAutoHeight.swift */; };
		CE2F287E245B97F00002F841 /* CommunityTableViewCell.swift in Sources */ = {isa = PBXBuildFile; fileRef = CE2F287D245B97F00002F841 /* CommunityTableViewCell.swift */; };
		CE2F2880245C83190002F841 /* PersonalTableViewCell.swift in Sources */ = {isa = PBXBuildFile; fileRef = CE2F287F245C83190002F841 /* PersonalTableViewCell.swift */; };
		CE2F2882245C94DF0002F841 /* GoalTableViewCell.swift in Sources */ = {isa = PBXBuildFile; fileRef = CE2F2881245C94DF0002F841 /* GoalTableViewCell.swift */; };
		CE2F2899245CD4740002F841 /* IQTextView.swift in Sources */ = {isa = PBXBuildFile; fileRef = CE2F2885245CD4740002F841 /* IQTextView.swift */; };
		CE2F289A245CD4740002F841 /* IQPreviousNextView.swift in Sources */ = {isa = PBXBuildFile; fileRef = CE2F2887245CD4740002F841 /* IQPreviousNextView.swift */; };
		CE2F289B245CD4740002F841 /* IQTitleBarButtonItem.swift in Sources */ = {isa = PBXBuildFile; fileRef = CE2F2888245CD4740002F841 /* IQTitleBarButtonItem.swift */; };
		CE2F289C245CD4740002F841 /* IQBarButtonItem.swift in Sources */ = {isa = PBXBuildFile; fileRef = CE2F2889245CD4740002F841 /* IQBarButtonItem.swift */; };
		CE2F289D245CD4740002F841 /* IQToolbar.swift in Sources */ = {isa = PBXBuildFile; fileRef = CE2F288A245CD4740002F841 /* IQToolbar.swift */; };
		CE2F289E245CD4740002F841 /* IQUIView+IQKeyboardToolbar.swift in Sources */ = {isa = PBXBuildFile; fileRef = CE2F288B245CD4740002F841 /* IQUIView+IQKeyboardToolbar.swift */; };
		CE2F289F245CD4740002F841 /* IQInvocation.swift in Sources */ = {isa = PBXBuildFile; fileRef = CE2F288C245CD4740002F841 /* IQInvocation.swift */; };
		CE2F28A0245CD4740002F841 /* IQKeyboardManagerConstantsInternal.swift in Sources */ = {isa = PBXBuildFile; fileRef = CE2F288E245CD4740002F841 /* IQKeyboardManagerConstantsInternal.swift */; };
		CE2F28A1245CD4740002F841 /* IQKeyboardManagerConstants.swift in Sources */ = {isa = PBXBuildFile; fileRef = CE2F288F245CD4740002F841 /* IQKeyboardManagerConstants.swift */; };
		CE2F28A2245CD4740002F841 /* IQKeyboardReturnKeyHandler.swift in Sources */ = {isa = PBXBuildFile; fileRef = CE2F2890245CD4740002F841 /* IQKeyboardReturnKeyHandler.swift */; };
		CE2F28A3245CD4740002F841 /* IQKeyboardManager.swift in Sources */ = {isa = PBXBuildFile; fileRef = CE2F2891245CD4740002F841 /* IQKeyboardManager.swift */; };
		CE2F28A4245CD4740002F841 /* IQUIScrollView+Additions.swift in Sources */ = {isa = PBXBuildFile; fileRef = CE2F2894245CD4740002F841 /* IQUIScrollView+Additions.swift */; };
		CE2F28A5245CD4740002F841 /* IQUIViewController+Additions.swift in Sources */ = {isa = PBXBuildFile; fileRef = CE2F2895245CD4740002F841 /* IQUIViewController+Additions.swift */; };
		CE2F28A6245CD4740002F841 /* IQUITextFieldView+Additions.swift in Sources */ = {isa = PBXBuildFile; fileRef = CE2F2896245CD4740002F841 /* IQUITextFieldView+Additions.swift */; };
		CE2F28A7245CD4740002F841 /* IQUIView+Hierarchy.swift in Sources */ = {isa = PBXBuildFile; fileRef = CE2F2897245CD4740002F841 /* IQUIView+Hierarchy.swift */; };
		CE2F28A8245CD4740002F841 /* IQNSArray+Sort.swift in Sources */ = {isa = PBXBuildFile; fileRef = CE2F2898245CD4740002F841 /* IQNSArray+Sort.swift */; };
		CE3464CF2457991D0067A9AA /* OneRepMaxViewController.swift in Sources */ = {isa = PBXBuildFile; fileRef = CE3464CE2457991D0067A9AA /* OneRepMaxViewController.swift */; };
		CE3464D124579B280067A9AA /* ProfilePageViewController.swift in Sources */ = {isa = PBXBuildFile; fileRef = CE3464D024579B280067A9AA /* ProfilePageViewController.swift */; };
		CE3464D324579B370067A9AA /* CommunityFeedViewController.swift in Sources */ = {isa = PBXBuildFile; fileRef = CE3464D224579B370067A9AA /* CommunityFeedViewController.swift */; };
		CE3464D524579B480067A9AA /* PersonalFeedViewController.swift in Sources */ = {isa = PBXBuildFile; fileRef = CE3464D424579B480067A9AA /* PersonalFeedViewController.swift */; };
		CE3464D92457CAA70067A9AA /* Alert.swift in Sources */ = {isa = PBXBuildFile; fileRef = CE3464D82457CAA70067A9AA /* Alert.swift */; };
		CE3464DB2457D8EE0067A9AA /* NewWorkoutViewController.swift in Sources */ = {isa = PBXBuildFile; fileRef = CE3464DA2457D8EE0067A9AA /* NewWorkoutViewController.swift */; };
		CE3464DD2457DCFC0067A9AA /* Workout.swift in Sources */ = {isa = PBXBuildFile; fileRef = CE3464DC2457DCFC0067A9AA /* Workout.swift */; };
		CEAD7A9B245A4C8A005DA1B7 /* Goal.swift in Sources */ = {isa = PBXBuildFile; fileRef = CEAD7A9A245A4C8A005DA1B7 /* Goal.swift */; };
		CEC7D8E424577E5A00745385 /* UserProfile.swift in Sources */ = {isa = PBXBuildFile; fileRef = CEC7D8E324577E5A00745385 /* UserProfile.swift */; };
		CEC7D8E624577E7300745385 /* UserService.swift in Sources */ = {isa = PBXBuildFile; fileRef = CEC7D8E524577E7300745385 /* UserService.swift */; };
		CEC7D8E824577E8E00745385 /* ImageService.swift in Sources */ = {isa = PBXBuildFile; fileRef = CEC7D8E724577E8E00745385 /* ImageService.swift */; };
		CEC7D8EA24577EC700745385 /* DateExtension.swift in Sources */ = {isa = PBXBuildFile; fileRef = CEC7D8E924577EC700745385 /* DateExtension.swift */; };
		CEF272AD2457423F004FB0D8 /* AppDelegate.swift in Sources */ = {isa = PBXBuildFile; fileRef = CEF272AC2457423F004FB0D8 /* AppDelegate.swift */; };
		CEF272AF2457423F004FB0D8 /* SceneDelegate.swift in Sources */ = {isa = PBXBuildFile; fileRef = CEF272AE2457423F004FB0D8 /* SceneDelegate.swift */; };
		CEF272B42457423F004FB0D8 /* Main.storyboard in Resources */ = {isa = PBXBuildFile; fileRef = CEF272B22457423F004FB0D8 /* Main.storyboard */; };
		CEF272B624574244004FB0D8 /* Assets.xcassets in Resources */ = {isa = PBXBuildFile; fileRef = CEF272B524574244004FB0D8 /* Assets.xcassets */; };
		CEF272B924574244004FB0D8 /* LaunchScreen.storyboard in Resources */ = {isa = PBXBuildFile; fileRef = CEF272B724574244004FB0D8 /* LaunchScreen.storyboard */; };
		CEF272C124574345004FB0D8 /* GoogleService-Info.plist in Resources */ = {isa = PBXBuildFile; fileRef = CEF272C024574345004FB0D8 /* GoogleService-Info.plist */; };
		CEF272C324574DC0004FB0D8 /* LoginViewController.swift in Sources */ = {isa = PBXBuildFile; fileRef = CEF272C224574DC0004FB0D8 /* LoginViewController.swift */; };
		CEF272C724576FA3004FB0D8 /* SignUpViewController.swift in Sources */ = {isa = PBXBuildFile; fileRef = CEF272C624576FA3004FB0D8 /* SignUpViewController.swift */; };
		E31D55E023DF983E97FCBDE1 /* Pods_Top_Set.framework in Frameworks */ = {isa = PBXBuildFile; fileRef = 040E64B0A5677277D3583868 /* Pods_Top_Set.framework */; };
/* End PBXBuildFile section */

/* Begin PBXFileReference section */
		040E64B0A5677277D3583868 /* Pods_Top_Set.framework */ = {isa = PBXFileReference; explicitFileType = wrapper.framework; includeInIndex = 0; path = Pods_Top_Set.framework; sourceTree = BUILT_PRODUCTS_DIR; };
		40744D2B01D9F2D415232AB7 /* Pods-Top Set.debug.xcconfig */ = {isa = PBXFileReference; includeInIndex = 1; lastKnownFileType = text.xcconfig; name = "Pods-Top Set.debug.xcconfig"; path = "Target Support Files/Pods-Top Set/Pods-Top Set.debug.xcconfig"; sourceTree = "<group>"; };
		9F884373B7A5EFF9981A3321 /* Pods-Top Set.release.xcconfig */ = {isa = PBXFileReference; includeInIndex = 1; lastKnownFileType = text.xcconfig; name = "Pods-Top Set.release.xcconfig"; path = "Target Support Files/Pods-Top Set/Pods-Top Set.release.xcconfig"; sourceTree = "<group>"; };
		CE2F287B245B857D0002F841 /* TextViewAutoHeight.swift */ = {isa = PBXFileReference; lastKnownFileType = sourcecode.swift; path = TextViewAutoHeight.swift; sourceTree = "<group>"; };
		CE2F287D245B97F00002F841 /* CommunityTableViewCell.swift */ = {isa = PBXFileReference; lastKnownFileType = sourcecode.swift; path = CommunityTableViewCell.swift; sourceTree = "<group>"; };
		CE2F287F245C83190002F841 /* PersonalTableViewCell.swift */ = {isa = PBXFileReference; lastKnownFileType = sourcecode.swift; path = PersonalTableViewCell.swift; sourceTree = "<group>"; };
		CE2F2881245C94DF0002F841 /* GoalTableViewCell.swift */ = {isa = PBXFileReference; lastKnownFileType = sourcecode.swift; path = GoalTableViewCell.swift; sourceTree = "<group>"; };
		CE2F2885245CD4740002F841 /* IQTextView.swift */ = {isa = PBXFileReference; fileEncoding = 4; lastKnownFileType = sourcecode.swift; path = IQTextView.swift; sourceTree = "<group>"; };
		CE2F2887245CD4740002F841 /* IQPreviousNextView.swift */ = {isa = PBXFileReference; fileEncoding = 4; lastKnownFileType = sourcecode.swift; path = IQPreviousNextView.swift; sourceTree = "<group>"; };
		CE2F2888245CD4740002F841 /* IQTitleBarButtonItem.swift */ = {isa = PBXFileReference; fileEncoding = 4; lastKnownFileType = sourcecode.swift; path = IQTitleBarButtonItem.swift; sourceTree = "<group>"; };
		CE2F2889245CD4740002F841 /* IQBarButtonItem.swift */ = {isa = PBXFileReference; fileEncoding = 4; lastKnownFileType = sourcecode.swift; path = IQBarButtonItem.swift; sourceTree = "<group>"; };
		CE2F288A245CD4740002F841 /* IQToolbar.swift */ = {isa = PBXFileReference; fileEncoding = 4; lastKnownFileType = sourcecode.swift; path = IQToolbar.swift; sourceTree = "<group>"; };
		CE2F288B245CD4740002F841 /* IQUIView+IQKeyboardToolbar.swift */ = {isa = PBXFileReference; fileEncoding = 4; lastKnownFileType = sourcecode.swift; path = "IQUIView+IQKeyboardToolbar.swift"; sourceTree = "<group>"; };
		CE2F288C245CD4740002F841 /* IQInvocation.swift */ = {isa = PBXFileReference; fileEncoding = 4; lastKnownFileType = sourcecode.swift; path = IQInvocation.swift; sourceTree = "<group>"; };
		CE2F288E245CD4740002F841 /* IQKeyboardManagerConstantsInternal.swift */ = {isa = PBXFileReference; fileEncoding = 4; lastKnownFileType = sourcecode.swift; path = IQKeyboardManagerConstantsInternal.swift; sourceTree = "<group>"; };
		CE2F288F245CD4740002F841 /* IQKeyboardManagerConstants.swift */ = {isa = PBXFileReference; fileEncoding = 4; lastKnownFileType = sourcecode.swift; path = IQKeyboardManagerConstants.swift; sourceTree = "<group>"; };
		CE2F2890245CD4740002F841 /* IQKeyboardReturnKeyHandler.swift */ = {isa = PBXFileReference; fileEncoding = 4; lastKnownFileType = sourcecode.swift; path = IQKeyboardReturnKeyHandler.swift; sourceTree = "<group>"; };
		CE2F2891245CD4740002F841 /* IQKeyboardManager.swift */ = {isa = PBXFileReference; fileEncoding = 4; lastKnownFileType = sourcecode.swift; path = IQKeyboardManager.swift; sourceTree = "<group>"; };
		CE2F2892245CD4740002F841 /* IQKeyboardManagerSwift.h */ = {isa = PBXFileReference; fileEncoding = 4; lastKnownFileType = sourcecode.c.h; path = IQKeyboardManagerSwift.h; sourceTree = "<group>"; };
		CE2F2894245CD4740002F841 /* IQUIScrollView+Additions.swift */ = {isa = PBXFileReference; fileEncoding = 4; lastKnownFileType = sourcecode.swift; path = "IQUIScrollView+Additions.swift"; sourceTree = "<group>"; };
		CE2F2895245CD4740002F841 /* IQUIViewController+Additions.swift */ = {isa = PBXFileReference; fileEncoding = 4; lastKnownFileType = sourcecode.swift; path = "IQUIViewController+Additions.swift"; sourceTree = "<group>"; };
		CE2F2896245CD4740002F841 /* IQUITextFieldView+Additions.swift */ = {isa = PBXFileReference; fileEncoding = 4; lastKnownFileType = sourcecode.swift; path = "IQUITextFieldView+Additions.swift"; sourceTree = "<group>"; };
		CE2F2897245CD4740002F841 /* IQUIView+Hierarchy.swift */ = {isa = PBXFileReference; fileEncoding = 4; lastKnownFileType = sourcecode.swift; path = "IQUIView+Hierarchy.swift"; sourceTree = "<group>"; };
		CE2F2898245CD4740002F841 /* IQNSArray+Sort.swift */ = {isa = PBXFileReference; fileEncoding = 4; lastKnownFileType = sourcecode.swift; path = "IQNSArray+Sort.swift"; sourceTree = "<group>"; };
		CE3464CE2457991D0067A9AA /* OneRepMaxViewController.swift */ = {isa = PBXFileReference; lastKnownFileType = sourcecode.swift; path = OneRepMaxViewController.swift; sourceTree = "<group>"; };
		CE3464D024579B280067A9AA /* ProfilePageViewController.swift */ = {isa = PBXFileReference; lastKnownFileType = sourcecode.swift; path = ProfilePageViewController.swift; sourceTree = "<group>"; };
		CE3464D224579B370067A9AA /* CommunityFeedViewController.swift */ = {isa = PBXFileReference; lastKnownFileType = sourcecode.swift; path = CommunityFeedViewController.swift; sourceTree = "<group>"; };
		CE3464D424579B480067A9AA /* PersonalFeedViewController.swift */ = {isa = PBXFileReference; lastKnownFileType = sourcecode.swift; path = PersonalFeedViewController.swift; sourceTree = "<group>"; };
		CE3464D82457CAA70067A9AA /* Alert.swift */ = {isa = PBXFileReference; lastKnownFileType = sourcecode.swift; path = Alert.swift; sourceTree = "<group>"; };
		CE3464DA2457D8EE0067A9AA /* NewWorkoutViewController.swift */ = {isa = PBXFileReference; lastKnownFileType = sourcecode.swift; path = NewWorkoutViewController.swift; sourceTree = "<group>"; };
		CE3464DC2457DCFC0067A9AA /* Workout.swift */ = {isa = PBXFileReference; lastKnownFileType = sourcecode.swift; path = Workout.swift; sourceTree = "<group>"; };
		CEAD7A9A245A4C8A005DA1B7 /* Goal.swift */ = {isa = PBXFileReference; lastKnownFileType = sourcecode.swift; path = Goal.swift; sourceTree = "<group>"; };
		CEC7D8E324577E5A00745385 /* UserProfile.swift */ = {isa = PBXFileReference; lastKnownFileType = sourcecode.swift; path = UserProfile.swift; sourceTree = "<group>"; };
		CEC7D8E524577E7300745385 /* UserService.swift */ = {isa = PBXFileReference; lastKnownFileType = sourcecode.swift; path = UserService.swift; sourceTree = "<group>"; };
		CEC7D8E724577E8E00745385 /* ImageService.swift */ = {isa = PBXFileReference; lastKnownFileType = sourcecode.swift; path = ImageService.swift; sourceTree = "<group>"; };
		CEC7D8E924577EC700745385 /* DateExtension.swift */ = {isa = PBXFileReference; lastKnownFileType = sourcecode.swift; path = DateExtension.swift; sourceTree = "<group>"; };
		CEF272A92457423F004FB0D8 /* Top Set.app */ = {isa = PBXFileReference; explicitFileType = wrapper.application; includeInIndex = 0; path = "Top Set.app"; sourceTree = BUILT_PRODUCTS_DIR; };
		CEF272AC2457423F004FB0D8 /* AppDelegate.swift */ = {isa = PBXFileReference; lastKnownFileType = sourcecode.swift; path = AppDelegate.swift; sourceTree = "<group>"; };
		CEF272AE2457423F004FB0D8 /* SceneDelegate.swift */ = {isa = PBXFileReference; lastKnownFileType = sourcecode.swift; path = SceneDelegate.swift; sourceTree = "<group>"; };
		CEF272B32457423F004FB0D8 /* Base */ = {isa = PBXFileReference; lastKnownFileType = file.storyboard; name = Base; path = Base.lproj/Main.storyboard; sourceTree = "<group>"; };
		CEF272B524574244004FB0D8 /* Assets.xcassets */ = {isa = PBXFileReference; lastKnownFileType = folder.assetcatalog; path = Assets.xcassets; sourceTree = "<group>"; };
		CEF272B824574244004FB0D8 /* Base */ = {isa = PBXFileReference; lastKnownFileType = file.storyboard; name = Base; path = Base.lproj/LaunchScreen.storyboard; sourceTree = "<group>"; };
		CEF272BA24574244004FB0D8 /* Info.plist */ = {isa = PBXFileReference; lastKnownFileType = text.plist.xml; path = Info.plist; sourceTree = "<group>"; };
		CEF272C024574345004FB0D8 /* GoogleService-Info.plist */ = {isa = PBXFileReference; fileEncoding = 4; lastKnownFileType = text.plist.xml; path = "GoogleService-Info.plist"; sourceTree = "<group>"; };
		CEF272C224574DC0004FB0D8 /* LoginViewController.swift */ = {isa = PBXFileReference; lastKnownFileType = sourcecode.swift; path = LoginViewController.swift; sourceTree = "<group>"; };
		CEF272C624576FA3004FB0D8 /* SignUpViewController.swift */ = {isa = PBXFileReference; lastKnownFileType = sourcecode.swift; path = SignUpViewController.swift; sourceTree = "<group>"; };
/* End PBXFileReference section */

/* Begin PBXFrameworksBuildPhase section */
		CEF272A62457423F004FB0D8 /* Frameworks */ = {
			isa = PBXFrameworksBuildPhase;
			buildActionMask = 2147483647;
			files = (
				E31D55E023DF983E97FCBDE1 /* Pods_Top_Set.framework in Frameworks */,
			);
			runOnlyForDeploymentPostprocessing = 0;
		};
/* End PBXFrameworksBuildPhase section */

/* Begin PBXGroup section */
		0FDCBA1EAA940F62D7A9B8AA /* Pods */ = {
			isa = PBXGroup;
			children = (
				40744D2B01D9F2D415232AB7 /* Pods-Top Set.debug.xcconfig */,
				9F884373B7A5EFF9981A3321 /* Pods-Top Set.release.xcconfig */,
			);
			path = Pods;
			sourceTree = "<group>";
		};
		B6F6B03DD0F13141247C6BAD /* Frameworks */ = {
			isa = PBXGroup;
			children = (
				040E64B0A5677277D3583868 /* Pods_Top_Set.framework */,
			);
			name = Frameworks;
			sourceTree = "<group>";
		};
		CE2F2883245CD4740002F841 /* IQKeyboardManagerSwift */ = {
			isa = PBXGroup;
			children = (
				CE2F2884245CD4740002F841 /* IQTextView */,
				CE2F2886245CD4740002F841 /* IQToolbar */,
				CE2F288D245CD4740002F841 /* Constants */,
				CE2F2890245CD4740002F841 /* IQKeyboardReturnKeyHandler.swift */,
				CE2F2891245CD4740002F841 /* IQKeyboardManager.swift */,
				CE2F2892245CD4740002F841 /* IQKeyboardManagerSwift.h */,
				CE2F2893245CD4740002F841 /* Categories */,
			);
			path = IQKeyboardManagerSwift;
			sourceTree = "<group>";
		};
		CE2F2884245CD4740002F841 /* IQTextView */ = {
			isa = PBXGroup;
			children = (
				CE2F2885245CD4740002F841 /* IQTextView.swift */,
			);
			path = IQTextView;
			sourceTree = "<group>";
		};
		CE2F2886245CD4740002F841 /* IQToolbar */ = {
			isa = PBXGroup;
			children = (
				CE2F2887245CD4740002F841 /* IQPreviousNextView.swift */,
				CE2F2888245CD4740002F841 /* IQTitleBarButtonItem.swift */,
				CE2F2889245CD4740002F841 /* IQBarButtonItem.swift */,
				CE2F288A245CD4740002F841 /* IQToolbar.swift */,
				CE2F288B245CD4740002F841 /* IQUIView+IQKeyboardToolbar.swift */,
				CE2F288C245CD4740002F841 /* IQInvocation.swift */,
			);
			path = IQToolbar;
			sourceTree = "<group>";
		};
		CE2F288D245CD4740002F841 /* Constants */ = {
			isa = PBXGroup;
			children = (
				CE2F288E245CD4740002F841 /* IQKeyboardManagerConstantsInternal.swift */,
				CE2F288F245CD4740002F841 /* IQKeyboardManagerConstants.swift */,
			);
			path = Constants;
			sourceTree = "<group>";
		};
		CE2F2893245CD4740002F841 /* Categories */ = {
			isa = PBXGroup;
			children = (
				CE2F2894245CD4740002F841 /* IQUIScrollView+Additions.swift */,
				CE2F2895245CD4740002F841 /* IQUIViewController+Additions.swift */,
				CE2F2896245CD4740002F841 /* IQUITextFieldView+Additions.swift */,
				CE2F2897245CD4740002F841 /* IQUIView+Hierarchy.swift */,
				CE2F2898245CD4740002F841 /* IQNSArray+Sort.swift */,
			);
			path = Categories;
			sourceTree = "<group>";
		};
		CE3464CD245798F90067A9AA /* Tabs */ = {
			isa = PBXGroup;
			children = (
				CE3464CE2457991D0067A9AA /* OneRepMaxViewController.swift */,
				CE3464D024579B280067A9AA /* ProfilePageViewController.swift */,
				CE3464D224579B370067A9AA /* CommunityFeedViewController.swift */,
				CE3464D424579B480067A9AA /* PersonalFeedViewController.swift */,
				CE3464DA2457D8EE0067A9AA /* NewWorkoutViewController.swift */,
			);
			path = Tabs;
			sourceTree = "<group>";
		};
		CE3464E024589EA00067A9AA /* Cells */ = {
			isa = PBXGroup;
			children = (
				CE2F287D245B97F00002F841 /* CommunityTableViewCell.swift */,
				CE2F287F245C83190002F841 /* PersonalTableViewCell.swift */,
				CE2F2881245C94DF0002F841 /* GoalTableViewCell.swift */,
			);
			path = Cells;
			sourceTree = "<group>";
		};
		CEC7D8E224577E4D00745385 /* Model + Services */ = {
			isa = PBXGroup;
			children = (
				CEC7D8E324577E5A00745385 /* UserProfile.swift */,
				CEC7D8E524577E7300745385 /* UserService.swift */,
				CEC7D8E724577E8E00745385 /* ImageService.swift */,
				CEC7D8E924577EC700745385 /* DateExtension.swift */,
				CE3464D82457CAA70067A9AA /* Alert.swift */,
				CE3464DC2457DCFC0067A9AA /* Workout.swift */,
				CEAD7A9A245A4C8A005DA1B7 /* Goal.swift */,
			);
			path = "Model + Services";
			sourceTree = "<group>";
		};
		CEF272A02457423E004FB0D8 = {
			isa = PBXGroup;
			children = (
				CEF272AB2457423F004FB0D8 /* Top Set */,
				CEF272AA2457423F004FB0D8 /* Products */,
				0FDCBA1EAA940F62D7A9B8AA /* Pods */,
				B6F6B03DD0F13141247C6BAD /* Frameworks */,
			);
			sourceTree = "<group>";
		};
		CEF272AA2457423F004FB0D8 /* Products */ = {
			isa = PBXGroup;
			children = (
				CEF272A92457423F004FB0D8 /* Top Set.app */,
			);
			name = Products;
			sourceTree = "<group>";
		};
		CEF272AB2457423F004FB0D8 /* Top Set */ = {
			isa = PBXGroup;
			children = (
				CE2F2883245CD4740002F841 /* IQKeyboardManagerSwift */,
				CE3464E024589EA00067A9AA /* Cells */,
				CEC7D8E224577E4D00745385 /* Model + Services */,
				CEF272C824576FB2004FB0D8 /* Auth */,
				CE3464CD245798F90067A9AA /* Tabs */,
				CEF272AC2457423F004FB0D8 /* AppDelegate.swift */,
				CEF272AE2457423F004FB0D8 /* SceneDelegate.swift */,
				CEF272B22457423F004FB0D8 /* Main.storyboard */,
				CEF272B524574244004FB0D8 /* Assets.xcassets */,
				CEF272B724574244004FB0D8 /* LaunchScreen.storyboard */,
				CEF272BA24574244004FB0D8 /* Info.plist */,
				CEF272C024574345004FB0D8 /* GoogleService-Info.plist */,
				CE2F287B245B857D0002F841 /* TextViewAutoHeight.swift */,
			);
			path = "Top Set";
			sourceTree = "<group>";
		};
		CEF272C824576FB2004FB0D8 /* Auth */ = {
			isa = PBXGroup;
			children = (
				CEF272C224574DC0004FB0D8 /* LoginViewController.swift */,
				CEF272C624576FA3004FB0D8 /* SignUpViewController.swift */,
			);
			path = Auth;
			sourceTree = "<group>";
		};
/* End PBXGroup section */

/* Begin PBXNativeTarget section */
		CEF272A82457423F004FB0D8 /* Top Set */ = {
			isa = PBXNativeTarget;
			buildConfigurationList = CEF272BD24574244004FB0D8 /* Build configuration list for PBXNativeTarget "Top Set" */;
			buildPhases = (
				D622D556A72E9EF3F7DA10DF /* [CP] Check Pods Manifest.lock */,
				CEF272A52457423F004FB0D8 /* Sources */,
				CEF272A62457423F004FB0D8 /* Frameworks */,
				CEF272A72457423F004FB0D8 /* Resources */,
				1BA207CA82CB9890AF8C290F /* [CP] Embed Pods Frameworks */,
			);
			buildRules = (
			);
			dependencies = (
			);
			name = "Top Set";
			productName = "Top Set";
			productReference = CEF272A92457423F004FB0D8 /* Top Set.app */;
			productType = "com.apple.product-type.application";
		};
/* End PBXNativeTarget section */

/* Begin PBXProject section */
		CEF272A12457423E004FB0D8 /* Project object */ = {
			isa = PBXProject;
			attributes = {
				LastSwiftUpdateCheck = 1130;
				LastUpgradeCheck = 1130;
				ORGANIZATIONNAME = "Chris Rehagen";
				TargetAttributes = {
					CEF272A82457423F004FB0D8 = {
						CreatedOnToolsVersion = 11.3.1;
					};
				};
			};
			buildConfigurationList = CEF272A42457423E004FB0D8 /* Build configuration list for PBXProject "Top Set" */;
			compatibilityVersion = "Xcode 9.3";
			developmentRegion = en;
			hasScannedForEncodings = 0;
			knownRegions = (
				en,
				Base,
			);
			mainGroup = CEF272A02457423E004FB0D8;
			productRefGroup = CEF272AA2457423F004FB0D8 /* Products */;
			projectDirPath = "";
			projectRoot = "";
			targets = (
				CEF272A82457423F004FB0D8 /* Top Set */,
			);
		};
/* End PBXProject section */

/* Begin PBXResourcesBuildPhase section */
		CEF272A72457423F004FB0D8 /* Resources */ = {
			isa = PBXResourcesBuildPhase;
			buildActionMask = 2147483647;
			files = (
				CEF272C124574345004FB0D8 /* GoogleService-Info.plist in Resources */,
				CEF272B924574244004FB0D8 /* LaunchScreen.storyboard in Resources */,
				CEF272B624574244004FB0D8 /* Assets.xcassets in Resources */,
				CEF272B42457423F004FB0D8 /* Main.storyboard in Resources */,
			);
			runOnlyForDeploymentPostprocessing = 0;
		};
/* End PBXResourcesBuildPhase section */

/* Begin PBXShellScriptBuildPhase section */
		1BA207CA82CB9890AF8C290F /* [CP] Embed Pods Frameworks */ = {
			isa = PBXShellScriptBuildPhase;
			buildActionMask = 2147483647;
			files = (
			);
			inputFileListPaths = (
				"${PODS_ROOT}/Target Support Files/Pods-Top Set/Pods-Top Set-frameworks-${CONFIGURATION}-input-files.xcfilelist",
			);
			name = "[CP] Embed Pods Frameworks";
			outputFileListPaths = (
				"${PODS_ROOT}/Target Support Files/Pods-Top Set/Pods-Top Set-frameworks-${CONFIGURATION}-output-files.xcfilelist",
			);
			runOnlyForDeploymentPostprocessing = 0;
			shellPath = /bin/sh;
			shellScript = "\"${PODS_ROOT}/Target Support Files/Pods-Top Set/Pods-Top Set-frameworks.sh\"\n";
			showEnvVarsInLog = 0;
		};
		D622D556A72E9EF3F7DA10DF /* [CP] Check Pods Manifest.lock */ = {
			isa = PBXShellScriptBuildPhase;
			buildActionMask = 2147483647;
			files = (
			);
			inputFileListPaths = (
			);
			inputPaths = (
				"${PODS_PODFILE_DIR_PATH}/Podfile.lock",
				"${PODS_ROOT}/Manifest.lock",
			);
			name = "[CP] Check Pods Manifest.lock";
			outputFileListPaths = (
			);
			outputPaths = (
				"$(DERIVED_FILE_DIR)/Pods-Top Set-checkManifestLockResult.txt",
			);
			runOnlyForDeploymentPostprocessing = 0;
			shellPath = /bin/sh;
			shellScript = "diff \"${PODS_PODFILE_DIR_PATH}/Podfile.lock\" \"${PODS_ROOT}/Manifest.lock\" > /dev/null\nif [ $? != 0 ] ; then\n    # print error to STDERR\n    echo \"error: The sandbox is not in sync with the Podfile.lock. Run 'pod install' or update your CocoaPods installation.\" >&2\n    exit 1\nfi\n# This output is used by Xcode 'outputs' to avoid re-running this script phase.\necho \"SUCCESS\" > \"${SCRIPT_OUTPUT_FILE_0}\"\n";
			showEnvVarsInLog = 0;
		};
/* End PBXShellScriptBuildPhase section */

/* Begin PBXSourcesBuildPhase section */
		CEF272A52457423F004FB0D8 /* Sources */ = {
			isa = PBXSourcesBuildPhase;
			buildActionMask = 2147483647;
			files = (
				CE3464D524579B480067A9AA /* PersonalFeedViewController.swift in Sources */,
				CE2F28A1245CD4740002F841 /* IQKeyboardManagerConstants.swift in Sources */,
				CEC7D8E624577E7300745385 /* UserService.swift in Sources */,
				CE2F28A5245CD4740002F841 /* IQUIViewController+Additions.swift in Sources */,
				CEC7D8E824577E8E00745385 /* ImageService.swift in Sources */,
				CE3464DD2457DCFC0067A9AA /* Workout.swift in Sources */,
				CE2F28A6245CD4740002F841 /* IQUITextFieldView+Additions.swift in Sources */,
				CE2F28A4245CD4740002F841 /* IQUIScrollView+Additions.swift in Sources */,
				CE2F28A8245CD4740002F841 /* IQNSArray+Sort.swift in Sources */,
				CE3464CF2457991D0067A9AA /* OneRepMaxViewController.swift in Sources */,
				CE2F287C245B857D0002F841 /* TextViewAutoHeight.swift in Sources */,
				CE2F289F245CD4740002F841 /* IQInvocation.swift in Sources */,
				CE2F289A245CD4740002F841 /* IQPreviousNextView.swift in Sources */,
				CEF272C324574DC0004FB0D8 /* LoginViewController.swift in Sources */,
				CE3464D124579B280067A9AA /* ProfilePageViewController.swift in Sources */,
				CE2F2882245C94DF0002F841 /* GoalTableViewCell.swift in Sources */,
				CE2F289B245CD4740002F841 /* IQTitleBarButtonItem.swift in Sources */,
				CE3464D92457CAA70067A9AA /* Alert.swift in Sources */,
				CEAD7A9B245A4C8A005DA1B7 /* Goal.swift in Sources */,
				CE2F28A7245CD4740002F841 /* IQUIView+Hierarchy.swift in Sources */,
				CE2F289D245CD4740002F841 /* IQToolbar.swift in Sources */,
				CE2F28A0245CD4740002F841 /* IQKeyboardManagerConstantsInternal.swift in Sources */,
				CE2F2880245C83190002F841 /* PersonalTableViewCell.swift in Sources */,
				CEF272AD2457423F004FB0D8 /* AppDelegate.swift in Sources */,
				CEC7D8EA24577EC700745385 /* DateExtension.swift in Sources */,
				CE3464DB2457D8EE0067A9AA /* NewWorkoutViewController.swift in Sources */,
				CE2F289E245CD4740002F841 /* IQUIView+IQKeyboardToolbar.swift in Sources */,
				CEC7D8E424577E5A00745385 /* UserProfile.swift in Sources */,
				CE2F289C245CD4740002F841 /* IQBarButtonItem.swift in Sources */,
				CE3464D324579B370067A9AA /* CommunityFeedViewController.swift in Sources */,
				CE2F287E245B97F00002F841 /* CommunityTableViewCell.swift in Sources */,
				CE2F28A2245CD4740002F841 /* IQKeyboardReturnKeyHandler.swift in Sources */,
				CE2F28A3245CD4740002F841 /* IQKeyboardManager.swift in Sources */,
				CEF272AF2457423F004FB0D8 /* SceneDelegate.swift in Sources */,
				CEF272C724576FA3004FB0D8 /* SignUpViewController.swift in Sources */,
				CE2F2899245CD4740002F841 /* IQTextView.swift in Sources */,
			);
			runOnlyForDeploymentPostprocessing = 0;
		};
/* End PBXSourcesBuildPhase section */

/* Begin PBXVariantGroup section */
		CEF272B22457423F004FB0D8 /* Main.storyboard */ = {
			isa = PBXVariantGroup;
			children = (
				CEF272B32457423F004FB0D8 /* Base */,
			);
			name = Main.storyboard;
			sourceTree = "<group>";
		};
		CEF272B724574244004FB0D8 /* LaunchScreen.storyboard */ = {
			isa = PBXVariantGroup;
			children = (
				CEF272B824574244004FB0D8 /* Base */,
			);
			name = LaunchScreen.storyboard;
			sourceTree = "<group>";
		};
/* End PBXVariantGroup section */

/* Begin XCBuildConfiguration section */
		CEF272BB24574244004FB0D8 /* Debug */ = {
			isa = XCBuildConfiguration;
			buildSettings = {
				ALWAYS_SEARCH_USER_PATHS = NO;
				CLANG_ANALYZER_NONNULL = YES;
				CLANG_ANALYZER_NUMBER_OBJECT_CONVERSION = YES_AGGRESSIVE;
				CLANG_CXX_LANGUAGE_STANDARD = "gnu++14";
				CLANG_CXX_LIBRARY = "libc++";
				CLANG_ENABLE_MODULES = YES;
				CLANG_ENABLE_OBJC_ARC = YES;
				CLANG_ENABLE_OBJC_WEAK = YES;
				CLANG_WARN_BLOCK_CAPTURE_AUTORELEASING = YES;
				CLANG_WARN_BOOL_CONVERSION = YES;
				CLANG_WARN_COMMA = YES;
				CLANG_WARN_CONSTANT_CONVERSION = YES;
				CLANG_WARN_DEPRECATED_OBJC_IMPLEMENTATIONS = YES;
				CLANG_WARN_DIRECT_OBJC_ISA_USAGE = YES_ERROR;
				CLANG_WARN_DOCUMENTATION_COMMENTS = YES;
				CLANG_WARN_EMPTY_BODY = YES;
				CLANG_WARN_ENUM_CONVERSION = YES;
				CLANG_WARN_INFINITE_RECURSION = YES;
				CLANG_WARN_INT_CONVERSION = YES;
				CLANG_WARN_NON_LITERAL_NULL_CONVERSION = YES;
				CLANG_WARN_OBJC_IMPLICIT_RETAIN_SELF = YES;
				CLANG_WARN_OBJC_LITERAL_CONVERSION = YES;
				CLANG_WARN_OBJC_ROOT_CLASS = YES_ERROR;
				CLANG_WARN_RANGE_LOOP_ANALYSIS = YES;
				CLANG_WARN_STRICT_PROTOTYPES = YES;
				CLANG_WARN_SUSPICIOUS_MOVE = YES;
				CLANG_WARN_UNGUARDED_AVAILABILITY = YES_AGGRESSIVE;
				CLANG_WARN_UNREACHABLE_CODE = YES;
				CLANG_WARN__DUPLICATE_METHOD_MATCH = YES;
				COPY_PHASE_STRIP = NO;
				DEBUG_INFORMATION_FORMAT = dwarf;
				ENABLE_STRICT_OBJC_MSGSEND = YES;
				ENABLE_TESTABILITY = YES;
				GCC_C_LANGUAGE_STANDARD = gnu11;
				GCC_DYNAMIC_NO_PIC = NO;
				GCC_NO_COMMON_BLOCKS = YES;
				GCC_OPTIMIZATION_LEVEL = 0;
				GCC_PREPROCESSOR_DEFINITIONS = (
					"DEBUG=1",
					"$(inherited)",
				);
				GCC_WARN_64_TO_32_BIT_CONVERSION = YES;
				GCC_WARN_ABOUT_RETURN_TYPE = YES_ERROR;
				GCC_WARN_UNDECLARED_SELECTOR = YES;
				GCC_WARN_UNINITIALIZED_AUTOS = YES_AGGRESSIVE;
				GCC_WARN_UNUSED_FUNCTION = YES;
				GCC_WARN_UNUSED_VARIABLE = YES;
				IPHONEOS_DEPLOYMENT_TARGET = 13.2;
				MTL_ENABLE_DEBUG_INFO = INCLUDE_SOURCE;
				MTL_FAST_MATH = YES;
				ONLY_ACTIVE_ARCH = YES;
				SDKROOT = iphoneos;
				SWIFT_ACTIVE_COMPILATION_CONDITIONS = DEBUG;
				SWIFT_OPTIMIZATION_LEVEL = "-Onone";
			};
			name = Debug;
		};
		CEF272BC24574244004FB0D8 /* Release */ = {
			isa = XCBuildConfiguration;
			buildSettings = {
				ALWAYS_SEARCH_USER_PATHS = NO;
				CLANG_ANALYZER_NONNULL = YES;
				CLANG_ANALYZER_NUMBER_OBJECT_CONVERSION = YES_AGGRESSIVE;
				CLANG_CXX_LANGUAGE_STANDARD = "gnu++14";
				CLANG_CXX_LIBRARY = "libc++";
				CLANG_ENABLE_MODULES = YES;
				CLANG_ENABLE_OBJC_ARC = YES;
				CLANG_ENABLE_OBJC_WEAK = YES;
				CLANG_WARN_BLOCK_CAPTURE_AUTORELEASING = YES;
				CLANG_WARN_BOOL_CONVERSION = YES;
				CLANG_WARN_COMMA = YES;
				CLANG_WARN_CONSTANT_CONVERSION = YES;
				CLANG_WARN_DEPRECATED_OBJC_IMPLEMENTATIONS = YES;
				CLANG_WARN_DIRECT_OBJC_ISA_USAGE = YES_ERROR;
				CLANG_WARN_DOCUMENTATION_COMMENTS = YES;
				CLANG_WARN_EMPTY_BODY = YES;
				CLANG_WARN_ENUM_CONVERSION = YES;
				CLANG_WARN_INFINITE_RECURSION = YES;
				CLANG_WARN_INT_CONVERSION = YES;
				CLANG_WARN_NON_LITERAL_NULL_CONVERSION = YES;
				CLANG_WARN_OBJC_IMPLICIT_RETAIN_SELF = YES;
				CLANG_WARN_OBJC_LITERAL_CONVERSION = YES;
				CLANG_WARN_OBJC_ROOT_CLASS = YES_ERROR;
				CLANG_WARN_RANGE_LOOP_ANALYSIS = YES;
				CLANG_WARN_STRICT_PROTOTYPES = YES;
				CLANG_WARN_SUSPICIOUS_MOVE = YES;
				CLANG_WARN_UNGUARDED_AVAILABILITY = YES_AGGRESSIVE;
				CLANG_WARN_UNREACHABLE_CODE = YES;
				CLANG_WARN__DUPLICATE_METHOD_MATCH = YES;
				COPY_PHASE_STRIP = NO;
				DEBUG_INFORMATION_FORMAT = "dwarf-with-dsym";
				ENABLE_NS_ASSERTIONS = NO;
				ENABLE_STRICT_OBJC_MSGSEND = YES;
				GCC_C_LANGUAGE_STANDARD = gnu11;
				GCC_NO_COMMON_BLOCKS = YES;
				GCC_WARN_64_TO_32_BIT_CONVERSION = YES;
				GCC_WARN_ABOUT_RETURN_TYPE = YES_ERROR;
				GCC_WARN_UNDECLARED_SELECTOR = YES;
				GCC_WARN_UNINITIALIZED_AUTOS = YES_AGGRESSIVE;
				GCC_WARN_UNUSED_FUNCTION = YES;
				GCC_WARN_UNUSED_VARIABLE = YES;
				IPHONEOS_DEPLOYMENT_TARGET = 13.2;
				MTL_ENABLE_DEBUG_INFO = NO;
				MTL_FAST_MATH = YES;
				SDKROOT = iphoneos;
				SWIFT_COMPILATION_MODE = wholemodule;
				SWIFT_OPTIMIZATION_LEVEL = "-O";
				VALIDATE_PRODUCT = YES;
			};
			name = Release;
		};
		CEF272BE24574244004FB0D8 /* Debug */ = {
			isa = XCBuildConfiguration;
			baseConfigurationReference = 40744D2B01D9F2D415232AB7 /* Pods-Top Set.debug.xcconfig */;
			buildSettings = {
				ASSETCATALOG_COMPILER_APPICON_NAME = AppIcon;
				CODE_SIGN_STYLE = Automatic;
				DEVELOPMENT_TEAM = V7XRP8G6Q3;
				INFOPLIST_FILE = "Top Set/Info.plist";
				LD_RUNPATH_SEARCH_PATHS = (
					"$(inherited)",
					"@executable_path/Frameworks",
				);
				PRODUCT_BUNDLE_IDENTIFIER = "com.chrisrehagen.Top-Set";
				PRODUCT_NAME = "$(TARGET_NAME)";
				SWIFT_VERSION = 5.0;
				TARGETED_DEVICE_FAMILY = "1,2";
			};
			name = Debug;
		};
		CEF272BF24574244004FB0D8 /* Release */ = {
			isa = XCBuildConfiguration;
			baseConfigurationReference = 9F884373B7A5EFF9981A3321 /* Pods-Top Set.release.xcconfig */;
			buildSettings = {
				ASSETCATALOG_COMPILER_APPICON_NAME = AppIcon;
				CODE_SIGN_STYLE = Automatic;
				DEVELOPMENT_TEAM = V7XRP8G6Q3;
				INFOPLIST_FILE = "Top Set/Info.plist";
				LD_RUNPATH_SEARCH_PATHS = (
					"$(inherited)",
					"@executable_path/Frameworks",
				);
				PRODUCT_BUNDLE_IDENTIFIER = "com.chrisrehagen.Top-Set";
				PRODUCT_NAME = "$(TARGET_NAME)";
				SWIFT_VERSION = 5.0;
				TARGETED_DEVICE_FAMILY = "1,2";
			};
			name = Release;
		};
/* End XCBuildConfiguration section */

/* Begin XCConfigurationList section */
		CEF272A42457423E004FB0D8 /* Build configuration list for PBXProject "Top Set" */ = {
			isa = XCConfigurationList;
			buildConfigurations = (
				CEF272BB24574244004FB0D8 /* Debug */,
				CEF272BC24574244004FB0D8 /* Release */,
			);
			defaultConfigurationIsVisible = 0;
			defaultConfigurationName = Release;
		};
		CEF272BD24574244004FB0D8 /* Build configuration list for PBXNativeTarget "Top Set" */ = {
			isa = XCConfigurationList;
			buildConfigurations = (
				CEF272BE24574244004FB0D8 /* Debug */,
				CEF272BF24574244004FB0D8 /* Release */,
			);
			defaultConfigurationIsVisible = 0;
			defaultConfigurationName = Release;
		};
/* End XCConfigurationList section */
	};
	rootObject = CEF272A12457423E004FB0D8 /* Project object */;
}
